
Microsoft Visual Studio Solution File, Format Version 12.00
# Visual Studio Version 17
VisualStudioVersion = 17.13.35919.96
MinimumVisualStudioVersion = 10.0.40219.1
Project("{FAE04EC0-301F-11D3-BF4B-00C04F79EFBC}") = "NewbornRegistry.API", "NewbornRegistry.API\NewbornRegistry.API.csproj", "{97F7D670-FD7B-3941-950F-D9429DB16CD0}"
EndProject
Project("{FAE04EC0-301F-11D3-BF4B-00C04F79EFBC}") = "NewbornRegistry.BLL", "NewbornRegistry.BLL\NewbornRegistry.BLL.csproj", "{C6AE355C-C611-BA26-4FEF-A3B5E330BAAE}"
EndProject
Project("{FAE04EC0-301F-11D3-BF4B-00C04F79EFBC}") = "NewbornRegistry.Common", "NewbornRegistry.Common\NewbornRegistry.Common.csproj", "{478CFDE6-48D5-91CF-900C-422ACC7FE6C6}"
EndProject
Project("{FAE04EC0-301F-11D3-BF4B-00C04F79EFBC}") = "NewbornRegistry.DAL", "NewbornRegistry.DAL\NewbornRegistry.DAL.csproj", "{5A77DEF9-D91A-F3BE-9161-7C042DBEC972}"
EndProject
Global
	GlobalSection(SolutionConfigurationPlatforms) = preSolution
		Debug|Any CPU = Debug|Any CPU
		Release|Any CPU = Release|Any CPU
	EndGlobalSection
	GlobalSection(ProjectConfigurationPlatforms) = postSolution
		{97F7D670-FD7B-3941-950F-D9429DB16CD0}.Debug|Any CPU.ActiveCfg = Debug|Any CPU
		{97F7D670-FD7B-3941-950F-D9429DB16CD0}.Debug|Any CPU.Build.0 = Debug|Any CPU
		{97F7D670-FD7B-3941-950F-D9429DB16CD0}.Release|Any CPU.ActiveCfg = Release|Any CPU
		{97F7D670-FD7B-3941-950F-D9429DB16CD0}.Release|Any CPU.Build.0 = Release|Any CPU
		{C6AE355C-C611-BA26-4FEF-A3B5E330BAAE}.Debug|Any CPU.ActiveCfg = Debug|Any CPU
		{C6AE355C-C611-BA26-4FEF-A3B5E330BAAE}.Debug|Any CPU.Build.0 = Debug|Any CPU
		{C6AE355C-C611-BA26-4FEF-A3B5E330BAAE}.Release|Any CPU.ActiveCfg = Release|Any CPU
		{C6AE355C-C611-BA26-4FEF-A3B5E330BAAE}.Release|Any CPU.Build.0 = Release|Any CPU
		{478CFDE6-48D5-91CF-900C-422ACC7FE6C6}.Debug|Any CPU.ActiveCfg = Debug|Any CPU
		{478CFDE6-48D5-91CF-900C-422ACC7FE6C6}.Debug|Any CPU.Build.0 = Debug|Any CPU
		{478CFDE6-48D5-91CF-900C-422ACC7FE6C6}.Release|Any CPU.ActiveCfg = Release|Any CPU
		{478CFDE6-48D5-91CF-900C-422ACC7FE6C6}.Release|Any CPU.Build.0 = Release|Any CPU
		{5A77DEF9-D91A-F3BE-9161-7C042DBEC972}.Debug|Any CPU.ActiveCfg = Debug|Any CPU
		{5A77DEF9-D91A-F3BE-9161-7C042DBEC972}.Debug|Any CPU.Build.0 = Debug|Any CPU
		{5A77DEF9-D91A-F3BE-9161-7C042DBEC972}.Release|Any CPU.ActiveCfg = Release|Any CPU
		{5A77DEF9-D91A-F3BE-9161-7C042DBEC972}.Release|Any CPU.Build.0 = Release|Any CPU
	EndGlobalSection
	GlobalSection(SolutionProperties) = preSolution
		HideSolutionNode = FALSE
	EndGlobalSection
	GlobalSection(ExtensibilityGlobals) = postSolution
		SolutionGuid = {99E4636A-21C3-4406-8A1B-515F66041704}
	EndGlobalSection
EndGlobal
